{
  "name": "@matthewp/beepboop",
  "version": "0.0.3",
  "lockfileVersion": 2,
  "requires": true,
  "packages": {
    "": {
      "name": "@matthewp/beepboop",
      "version": "0.0.3",
      "license": "ISC",
      "dependencies": {
        "cellx": "^1.10.30",
        "robot3": "^0.4.0"
      }
    },
    "node_modules/@riim/next-tick": {
      "version": "1.2.6",
      "resolved": "https://registry.npmjs.org/@riim/next-tick/-/next-tick-1.2.6.tgz",
      "integrity": "sha512-Grcu9OhD5Ohk/x2i0DwxB37Xf7ElmdBA5dGSDTNFNyiMPsMwc+XjciH+wgWd6vIq6bEtMPmaSXUm3i9q/TEyag=="
    },
    "node_modules/cellx": {
      "version": "1.10.30",
      "resolved": "https://registry.npmjs.org/cellx/-/cellx-1.10.30.tgz",
      "integrity": "sha512-fMVff996rOYsSSDkn+Q3K+27HQYnyC4gWyQj2lgV4EjH6VPpWrQaOdGmsSbrR6wX9i2cED8x1s8zPVe5cOUkPA==",
      "dependencies": {
        "@riim/next-tick": "1.2.6"
      }
    },
    "node_modules/robot3": {
      "version": "0.4.0",
      "resolved": "https://registry.npmjs.org/robot3/-/robot3-0.4.0.tgz",
      "integrity": "sha512-6WjtNe2jawFiAkqIwfA3ikhQjjDtm2EZ4e8Hz6VqxHmQYNQcpSZKIOr4OCDbw0PBBrRR9AIDrMRyagnIkapm6A=="
    }
  },
  "dependencies": {
    "@riim/next-tick": {
      "version": "1.2.6",
      "resolved": "https://registry.npmjs.org/@riim/next-tick/-/next-tick-1.2.6.tgz",
      "integrity": "sha512-Grcu9OhD5Ohk/x2i0DwxB37Xf7ElmdBA5dGSDTNFNyiMPsMwc+XjciH+wgWd6vIq6bEtMPmaSXUm3i9q/TEyag=="
    },
    "cellx": {
      "version": "1.10.30",
      "resolved": "https://registry.npmjs.org/cellx/-/cellx-1.10.30.tgz",
      "integrity": "sha512-fMVff996rOYsSSDkn+Q3K+27HQYnyC4gWyQj2lgV4EjH6VPpWrQaOdGmsSbrR6wX9i2cED8x1s8zPVe5cOUkPA==",
      "requires": {
        "@riim/next-tick": "1.2.6"
      }
    },
    "robot3": {
      "version": "0.4.0",
      "resolved": "https://registry.npmjs.org/robot3/-/robot3-0.4.0.tgz",
      "integrity": "sha512-6WjtNe2jawFiAkqIwfA3ikhQjjDtm2EZ4e8Hz6VqxHmQYNQcpSZKIOr4OCDbw0PBBrRR9AIDrMRyagnIkapm6A=="
    }
  }
}
